
Microsoft Visual Studio Solution File, Format Version 12.00
# Visual Studio Version 17
VisualStudioVersion = 17.3.32922.545
MinimumVisualStudioVersion = 10.0.40219.1
Project("{FAE04EC0-301F-11D3-BF4B-00C04F79EFBC}") = "BAITAP01", "BAITAP01\BAITAP01.csproj", "{901215DB-4B93-4759-9783-E59E578E6F52}"
EndProject
Global
	GlobalSection(SolutionConfigurationPlatforms) = preSolution
		Debug|Any CPU = Debug|Any CPU
		Release|Any CPU = Release|Any CPU
	EndGlobalSection
	GlobalSection(ProjectConfigurationPlatforms) = postSolution
		{901215DB-4B93-4759-9783-E59E578E6F52}.Debug|Any CPU.ActiveCfg = Debug|Any CPU
		{901215DB-4B93-4759-9783-E59E578E6F52}.Debug|Any CPU.Build.0 = Debug|Any CPU
		{901215DB-4B93-4759-9783-E59E578E6F52}.Release|Any CPU.ActiveCfg = Release|Any CPU
		{901215DB-4B93-4759-9783-E59E578E6F52}.Release|Any CPU.Build.0 = Release|Any CPU
	EndGlobalSection
	GlobalSection(SolutionProperties) = preSolution
		HideSolutionNode = FALSE
	EndGlobalSection
	GlobalSection(ExtensibilityGlobals) = postSolution
		SolutionGuid = {696F6B14-3029-4622-9676-F770CE93B3B6}
	EndGlobalSection
EndGlobal
